
Microsoft Visual Studio Solution File, Format Version 12.00
# Visual Studio Version 16
VisualStudioVersion = 16.0.29418.71
MinimumVisualStudioVersion = 10.0.40219.1
Project("{9A19103F-16F7-4668-BE54-9A1E7A4F7556}") = "CareerCloud.Pocos", "CareerCloud.Pocos\CareerCloud.Pocos.csproj", "{C4227596-9206-415F-9F70-1D7D37049A65}"
EndProject
Project("{9A19103F-16F7-4668-BE54-9A1E7A4F7556}") = "CareerCloud.DataAccessLayer", "CareerCloud.DataAccessLayer\CareerCloud.DataAccessLayer.csproj", "{104F205C-B233-4BD6-AE7F-20A34F20761D}"
EndProject
Project("{9A19103F-16F7-4668-BE54-9A1E7A4F7556}") = "CareerCloud.BusinessLogicLayer", "CareerCloud.BusinessLogicLayer\CareerCloud.BusinessLogicLayer.csproj", "{B2CCB523-6933-4265-A084-4FD70108D23E}"
EndProject
Project("{9A19103F-16F7-4668-BE54-9A1E7A4F7556}") = "CareerCloud.EntityFrameworkDataAccess", "CareerCloud.EntityFrameworkDataAccess\CareerCloud.EntityFrameworkDataAccess.csproj", "{0BE3A5FA-B81A-4CD7-94FE-1A95013DC434}"
EndProject
Project("{FAE04EC0-301F-11D3-BF4B-00C04F79EFBC}") = "CareerCloud.MVC", "CareerCloud.MVC\CareerCloud.MVC.csproj", "{71AFCFBC-E3A7-4BD3-AA3E-B9D25CBE3365}"
EndProject
Global
	GlobalSection(SolutionConfigurationPlatforms) = preSolution
		Debug|Any CPU = Debug|Any CPU
		Release|Any CPU = Release|Any CPU
	EndGlobalSection
	GlobalSection(ProjectConfigurationPlatforms) = postSolution
		{C4227596-9206-415F-9F70-1D7D37049A65}.Debug|Any CPU.ActiveCfg = Debug|Any CPU
		{C4227596-9206-415F-9F70-1D7D37049A65}.Debug|Any CPU.Build.0 = Debug|Any CPU
		{C4227596-9206-415F-9F70-1D7D37049A65}.Release|Any CPU.ActiveCfg = Release|Any CPU
		{C4227596-9206-415F-9F70-1D7D37049A65}.Release|Any CPU.Build.0 = Release|Any CPU
		{104F205C-B233-4BD6-AE7F-20A34F20761D}.Debug|Any CPU.ActiveCfg = Debug|Any CPU
		{104F205C-B233-4BD6-AE7F-20A34F20761D}.Debug|Any CPU.Build.0 = Debug|Any CPU
		{104F205C-B233-4BD6-AE7F-20A34F20761D}.Release|Any CPU.ActiveCfg = Release|Any CPU
		{104F205C-B233-4BD6-AE7F-20A34F20761D}.Release|Any CPU.Build.0 = Release|Any CPU
		{B2CCB523-6933-4265-A084-4FD70108D23E}.Debug|Any CPU.ActiveCfg = Debug|Any CPU
		{B2CCB523-6933-4265-A084-4FD70108D23E}.Debug|Any CPU.Build.0 = Debug|Any CPU
		{B2CCB523-6933-4265-A084-4FD70108D23E}.Release|Any CPU.ActiveCfg = Release|Any CPU
		{B2CCB523-6933-4265-A084-4FD70108D23E}.Release|Any CPU.Build.0 = Release|Any CPU
		{0BE3A5FA-B81A-4CD7-94FE-1A95013DC434}.Debug|Any CPU.ActiveCfg = Debug|Any CPU
		{0BE3A5FA-B81A-4CD7-94FE-1A95013DC434}.Debug|Any CPU.Build.0 = Debug|Any CPU
		{0BE3A5FA-B81A-4CD7-94FE-1A95013DC434}.Release|Any CPU.ActiveCfg = Release|Any CPU
		{0BE3A5FA-B81A-4CD7-94FE-1A95013DC434}.Release|Any CPU.Build.0 = Release|Any CPU
		{71AFCFBC-E3A7-4BD3-AA3E-B9D25CBE3365}.Debug|Any CPU.ActiveCfg = Debug|Any CPU
		{71AFCFBC-E3A7-4BD3-AA3E-B9D25CBE3365}.Debug|Any CPU.Build.0 = Debug|Any CPU
		{71AFCFBC-E3A7-4BD3-AA3E-B9D25CBE3365}.Release|Any CPU.ActiveCfg = Release|Any CPU
		{71AFCFBC-E3A7-4BD3-AA3E-B9D25CBE3365}.Release|Any CPU.Build.0 = Release|Any CPU
	EndGlobalSection
	GlobalSection(SolutionProperties) = preSolution
		HideSolutionNode = FALSE
	EndGlobalSection
	GlobalSection(ExtensibilityGlobals) = postSolution
		SolutionGuid = {8CA4C823-B216-4878-B2BF-26D5C242B5EF}
	EndGlobalSection
EndGlobal
