
Microsoft Visual Studio Solution File, Format Version 12.00
# Visual Studio Version 16
VisualStudioVersion = 16.0.29418.71
MinimumVisualStudioVersion = 10.0.40219.1
Project("{9A19103F-16F7-4668-BE54-9A1E7A4F7556}") = "CareerCloud.Pocos", "CareerCloud.Pocos\CareerCloud.Pocos.csproj", "{C4227596-9206-415F-9F70-1D7D37049A65}"
EndProject
Project("{9A19103F-16F7-4668-BE54-9A1E7A4F7556}") = "CareerCloud.DataAccessLayer", "CareerCloud.DataAccessLayer\CareerCloud.DataAccessLayer.csproj", "{104F205C-B233-4BD6-AE7F-20A34F20761D}"
EndProject
Project("{9A19103F-16F7-4668-BE54-9A1E7A4F7556}") = "CareerCloud.ADODataAccessLayer", "CareerCloud.ADODataAccessLayer\CareerCloud.ADODataAccessLayer.csproj", "{D91CC386-5758-4CD1-88BA-DA8C6F43905C}"
EndProject
Project("{9A19103F-16F7-4668-BE54-9A1E7A4F7556}") = "CareerCloud.BusinessLogicLayer", "CareerCloud.BusinessLogicLayer\CareerCloud.BusinessLogicLayer.csproj", "{B2CCB523-6933-4265-A084-4FD70108D23E}"
EndProject
Project("{9A19103F-16F7-4668-BE54-9A1E7A4F7556}") = "CareerCloudCore.UnitTests.Assignment3", "CareerCloudCore.UnitTests.Assignment3\CareerCloudCore.UnitTests.Assignment3.csproj", "{5E0F74A5-0033-4E32-A7A2-18FD10B69685}"
EndProject
Project("{9A19103F-16F7-4668-BE54-9A1E7A4F7556}") = "CareerCloudCore.UnitTests.Assignment1", "CareerCloudCore.UnitTests.Assignment1\CareerCloudCore.UnitTests.Assignment1.csproj", "{85D16B9D-78C1-4945-A449-14A8193884C6}"
EndProject
Project("{9A19103F-16F7-4668-BE54-9A1E7A4F7556}") = "CareerCloudCore.UnitTests.Assignment2", "CareerCloudCore.UnitTests.Assignment2\CareerCloudCore.UnitTests.Assignment2.csproj", "{BC40DEF8-1969-427A-A631-180E5A814E5B}"
EndProject
Global
	GlobalSection(SolutionConfigurationPlatforms) = preSolution
		Debug|Any CPU = Debug|Any CPU
		Release|Any CPU = Release|Any CPU
	EndGlobalSection
	GlobalSection(ProjectConfigurationPlatforms) = postSolution
		{C4227596-9206-415F-9F70-1D7D37049A65}.Debug|Any CPU.ActiveCfg = Debug|Any CPU
		{C4227596-9206-415F-9F70-1D7D37049A65}.Debug|Any CPU.Build.0 = Debug|Any CPU
		{C4227596-9206-415F-9F70-1D7D37049A65}.Release|Any CPU.ActiveCfg = Release|Any CPU
		{C4227596-9206-415F-9F70-1D7D37049A65}.Release|Any CPU.Build.0 = Release|Any CPU
		{104F205C-B233-4BD6-AE7F-20A34F20761D}.Debug|Any CPU.ActiveCfg = Debug|Any CPU
		{104F205C-B233-4BD6-AE7F-20A34F20761D}.Debug|Any CPU.Build.0 = Debug|Any CPU
		{104F205C-B233-4BD6-AE7F-20A34F20761D}.Release|Any CPU.ActiveCfg = Release|Any CPU
		{104F205C-B233-4BD6-AE7F-20A34F20761D}.Release|Any CPU.Build.0 = Release|Any CPU
		{D91CC386-5758-4CD1-88BA-DA8C6F43905C}.Debug|Any CPU.ActiveCfg = Debug|Any CPU
		{D91CC386-5758-4CD1-88BA-DA8C6F43905C}.Debug|Any CPU.Build.0 = Debug|Any CPU
		{D91CC386-5758-4CD1-88BA-DA8C6F43905C}.Release|Any CPU.ActiveCfg = Release|Any CPU
		{D91CC386-5758-4CD1-88BA-DA8C6F43905C}.Release|Any CPU.Build.0 = Release|Any CPU
		{B2CCB523-6933-4265-A084-4FD70108D23E}.Debug|Any CPU.ActiveCfg = Debug|Any CPU
		{B2CCB523-6933-4265-A084-4FD70108D23E}.Debug|Any CPU.Build.0 = Debug|Any CPU
		{B2CCB523-6933-4265-A084-4FD70108D23E}.Release|Any CPU.ActiveCfg = Release|Any CPU
		{B2CCB523-6933-4265-A084-4FD70108D23E}.Release|Any CPU.Build.0 = Release|Any CPU
		{5E0F74A5-0033-4E32-A7A2-18FD10B69685}.Debug|Any CPU.ActiveCfg = Debug|Any CPU
		{5E0F74A5-0033-4E32-A7A2-18FD10B69685}.Debug|Any CPU.Build.0 = Debug|Any CPU
		{5E0F74A5-0033-4E32-A7A2-18FD10B69685}.Release|Any CPU.ActiveCfg = Release|Any CPU
		{5E0F74A5-0033-4E32-A7A2-18FD10B69685}.Release|Any CPU.Build.0 = Release|Any CPU
		{85D16B9D-78C1-4945-A449-14A8193884C6}.Debug|Any CPU.ActiveCfg = Debug|Any CPU
		{85D16B9D-78C1-4945-A449-14A8193884C6}.Debug|Any CPU.Build.0 = Debug|Any CPU
		{85D16B9D-78C1-4945-A449-14A8193884C6}.Release|Any CPU.ActiveCfg = Release|Any CPU
		{85D16B9D-78C1-4945-A449-14A8193884C6}.Release|Any CPU.Build.0 = Release|Any CPU
		{BC40DEF8-1969-427A-A631-180E5A814E5B}.Debug|Any CPU.ActiveCfg = Debug|Any CPU
		{BC40DEF8-1969-427A-A631-180E5A814E5B}.Debug|Any CPU.Build.0 = Debug|Any CPU
		{BC40DEF8-1969-427A-A631-180E5A814E5B}.Release|Any CPU.ActiveCfg = Release|Any CPU
		{BC40DEF8-1969-427A-A631-180E5A814E5B}.Release|Any CPU.Build.0 = Release|Any CPU
	EndGlobalSection
	GlobalSection(SolutionProperties) = preSolution
		HideSolutionNode = FALSE
	EndGlobalSection
	GlobalSection(ExtensibilityGlobals) = postSolution
		SolutionGuid = {8CA4C823-B216-4878-B2BF-26D5C242B5EF}
	EndGlobalSection
EndGlobal
